// !$*UTF8*$!
{
	archiveVersion = 1;
	classes = {
	};
	objectVersion = 46;
	objects = {

/* Begin PBXBuildFile section */
		110333D01A3942DE00A4A29F /* SimpleFriendsController.swift in Sources */ = {isa = PBXBuildFile; fileRef = 110333CF1A3942DE00A4A29F /* SimpleFriendsController.swift */; };
		110333D21A3CFB4600A4A29F /* WordListsController.swift in Sources */ = {isa = PBXBuildFile; fileRef = 110333D11A3CFB4600A4A29F /* WordListsController.swift */; };
		11058F2A1A3CFE1100D5A291 /* NewListController.swift in Sources */ = {isa = PBXBuildFile; fileRef = 11058F291A3CFE1100D5A291 /* NewListController.swift */; };
		110DA11A1A34C429009B95BA /* AddFriendController.swift in Sources */ = {isa = PBXBuildFile; fileRef = 110DA1191A34C429009B95BA /* AddFriendController.swift */; };
		1110AF351A3E12FF002088C2 /* logo.png in Resources */ = {isa = PBXBuildFile; fileRef = 1110AF341A3E12FF002088C2 /* logo.png */; };
		1110AF3B1A3E226E002088C2 /* check.png in Resources */ = {isa = PBXBuildFile; fileRef = 1110AF3A1A3E226E002088C2 /* check.png */; };
		1110AF411A3E539D002088C2 /* GameController.swift in Sources */ = {isa = PBXBuildFile; fileRef = 1110AF401A3E539D002088C2 /* GameController.swift */; };
		1110AF431A3F5E37002088C2 /* TermDetailController.swift in Sources */ = {isa = PBXBuildFile; fileRef = 1110AF421A3F5E37002088C2 /* TermDetailController.swift */; };
		1110AF451A3F5E51002088C2 /* EditTermController.swift in Sources */ = {isa = PBXBuildFile; fileRef = 1110AF441A3F5E51002088C2 /* EditTermController.swift */; };
		1110AF471A3F5EBC002088C2 /* CreateListController.swift in Sources */ = {isa = PBXBuildFile; fileRef = 1110AF461A3F5EBC002088C2 /* CreateListController.swift */; };
		11121AF01A3020AF00153E01 /* Utilities.swift in Sources */ = {isa = PBXBuildFile; fileRef = 11121AEF1A3020AF00153E01 /* Utilities.swift */; };
		11121AF21A30995E00153E01 /* Game.swift in Sources */ = {isa = PBXBuildFile; fileRef = 11121AF11A30995E00153E01 /* Game.swift */; };
		1137F0791A2EC851009A7BDA /* AppDelegate.swift in Sources */ = {isa = PBXBuildFile; fileRef = 1137F0781A2EC851009A7BDA /* AppDelegate.swift */; };
		1137F0821A2EC851009A7BDA /* Images.xcassets in Resources */ = {isa = PBXBuildFile; fileRef = 1137F0811A2EC851009A7BDA /* Images.xcassets */; };
		1137F0851A2EC851009A7BDA /* LaunchScreen.xib in Resources */ = {isa = PBXBuildFile; fileRef = 1137F0831A2EC851009A7BDA /* LaunchScreen.xib */; };
		1137F0911A2EC851009A7BDA /* VocabCrack_iOSTests.swift in Sources */ = {isa = PBXBuildFile; fileRef = 1137F0901A2EC851009A7BDA /* VocabCrack_iOSTests.swift */; };
		1137F09F1A2ECE8C009A7BDA /* NetHandler.swift in Sources */ = {isa = PBXBuildFile; fileRef = 1137F09E1A2ECE8B009A7BDA /* NetHandler.swift */; };
		11396ABD1A2ED4500050120D /* RegisterController.swift in Sources */ = {isa = PBXBuildFile; fileRef = 11396ABC1A2ED4500050120D /* RegisterController.swift */; };
		11396ABF1A2F3D470050120D /* LoginController.swift in Sources */ = {isa = PBXBuildFile; fileRef = 11396ABE1A2F3D470050120D /* LoginController.swift */; };
		11396AC31A2F40190050120D /* CoreHandler.swift in Sources */ = {isa = PBXBuildFile; fileRef = 11396AC01A2F40190050120D /* CoreHandler.swift */; };
		11396AC41A2F40190050120D /* GameHandler.swift in Sources */ = {isa = PBXBuildFile; fileRef = 11396AC11A2F40190050120D /* GameHandler.swift */; };
		11396AC51A2F40190050120D /* FriendHandler.swift in Sources */ = {isa = PBXBuildFile; fileRef = 11396AC21A2F40190050120D /* FriendHandler.swift */; };
		11396AC71A2F40200050120D /* VocabCrack.swift in Sources */ = {isa = PBXBuildFile; fileRef = 11396AC61A2F40200050120D /* VocabCrack.swift */; };
		11396AC91A2F456C0050120D /* OperationsManager.swift in Sources */ = {isa = PBXBuildFile; fileRef = 11396AC81A2F456C0050120D /* OperationsManager.swift */; };
		11396ACB1A2F4BEF0050120D /* MenuController.swift in Sources */ = {isa = PBXBuildFile; fileRef = 11396ACA1A2F4BEF0050120D /* MenuController.swift */; };
		11396ACD1A2F7EAD0050120D /* Account.swift in Sources */ = {isa = PBXBuildFile; fileRef = 11396ACC1A2F7EAD0050120D /* Account.swift */; };
		11509EBB1A37AA88002C403E /* GameDetailController.swift in Sources */ = {isa = PBXBuildFile; fileRef = 11509EBA1A37AA88002C403E /* GameDetailController.swift */; };
		11509EBD1A37AAB3002C403E /* UserDetailController.swift in Sources */ = {isa = PBXBuildFile; fileRef = 11509EBC1A37AAB3002C403E /* UserDetailController.swift */; };
		11509EBF1A38F153002C403E /* NewGameController.swift in Sources */ = {isa = PBXBuildFile; fileRef = 11509EBE1A38F153002C403E /* NewGameController.swift */; };
		1199A5131A390C740053366E /* WordDataHandler.swift in Sources */ = {isa = PBXBuildFile; fileRef = 1199A5121A390C740053366E /* WordDataHandler.swift */; };
		1199A5151A390C7D0053366E /* WordListHandler.swift in Sources */ = {isa = PBXBuildFile; fileRef = 1199A5141A390C7D0053366E /* WordListHandler.swift */; };
		11ACB3931A3D2F87005C0BBA /* DefaultList.txt in Resources */ = {isa = PBXBuildFile; fileRef = 11ACB3921A3D2F87005C0BBA /* DefaultList.txt */; };
		11B0C81F1A339AE100F0A557 /* FriendsController.swift in Sources */ = {isa = PBXBuildFile; fileRef = 11B0C81E1A339AE100F0A557 /* FriendsController.swift */; };
		11B0C8211A33A41700F0A557 /* Main.storyboard in Resources */ = {isa = PBXBuildFile; fileRef = 11B0C8201A33A41700F0A557 /* Main.storyboard */; };
		11B4C7721A33AA7900413EDD /* TableCells.swift in Sources */ = {isa = PBXBuildFile; fileRef = 11B4C7711A33AA7900413EDD /* TableCells.swift */; };
		11B666E31A326FAD006A17F3 /* OptionsController.swift in Sources */ = {isa = PBXBuildFile; fileRef = 11B666E21A326FAD006A17F3 /* OptionsController.swift */; };
		11B666E71A3275EF006A17F3 /* user.png in Resources */ = {isa = PBXBuildFile; fileRef = 11B666E61A3275EF006A17F3 /* user.png */; };
		11B666E91A3364CD006A17F3 /* GamesController.swift in Sources */ = {isa = PBXBuildFile; fileRef = 11B666E81A3364CD006A17F3 /* GamesController.swift */; };
		11FDEE681A3E0BD000EA4159 /* icon_120.png in Resources */ = {isa = PBXBuildFile; fileRef = 11FDEE651A3E0BD000EA4159 /* icon_120.png */; };
		11FDEE691A3E0BD000EA4159 /* icon_80.png in Resources */ = {isa = PBXBuildFile; fileRef = 11FDEE661A3E0BD000EA4159 /* icon_80.png */; };
		11FDEE6A1A3E0BD000EA4159 /* icon_58.png in Resources */ = {isa = PBXBuildFile; fileRef = 11FDEE671A3E0BD000EA4159 /* icon_58.png */; };
/* End PBXBuildFile section */

/* Begin PBXContainerItemProxy section */
		1137F08B1A2EC851009A7BDA /* PBXContainerItemProxy */ = {
			isa = PBXContainerItemProxy;
			containerPortal = 1137F06B1A2EC851009A7BDA /* Project object */;
			proxyType = 1;
			remoteGlobalIDString = 1137F0721A2EC851009A7BDA;
			remoteInfo = "VocabCrack-iOS";
		};
/* End PBXContainerItemProxy section */

/* Begin PBXFileReference section */
		110333CF1A3942DE00A4A29F /* SimpleFriendsController.swift */ = {isa = PBXFileReference; fileEncoding = 4; lastKnownFileType = sourcecode.swift; path = SimpleFriendsController.swift; sourceTree = "<group>"; };
		110333D11A3CFB4600A4A29F /* WordListsController.swift */ = {isa = PBXFileReference; fileEncoding = 4; lastKnownFileType = sourcecode.swift; path = WordListsController.swift; sourceTree = "<group>"; };
		11058F291A3CFE1100D5A291 /* NewListController.swift */ = {isa = PBXFileReference; fileEncoding = 4; lastKnownFileType = sourcecode.swift; path = NewListController.swift; sourceTree = "<group>"; };
		110DA1191A34C429009B95BA /* AddFriendController.swift */ = {isa = PBXFileReference; fileEncoding = 4; lastKnownFileType = sourcecode.swift; path = AddFriendController.swift; sourceTree = "<group>"; };
		1110AF341A3E12FF002088C2 /* logo.png */ = {isa = PBXFileReference; lastKnownFileType = image.png; path = logo.png; sourceTree = "<group>"; };
		1110AF3A1A3E226E002088C2 /* check.png */ = {isa = PBXFileReference; lastKnownFileType = image.png; path = check.png; sourceTree = "<group>"; };
		1110AF401A3E539D002088C2 /* GameController.swift */ = {isa = PBXFileReference; fileEncoding = 4; lastKnownFileType = sourcecode.swift; path = GameController.swift; sourceTree = "<group>"; };
		1110AF421A3F5E37002088C2 /* TermDetailController.swift */ = {isa = PBXFileReference; fileEncoding = 4; lastKnownFileType = sourcecode.swift; path = TermDetailController.swift; sourceTree = "<group>"; };
		1110AF441A3F5E51002088C2 /* EditTermController.swift */ = {isa = PBXFileReference; fileEncoding = 4; lastKnownFileType = sourcecode.swift; path = EditTermController.swift; sourceTree = "<group>"; };
		1110AF461A3F5EBC002088C2 /* CreateListController.swift */ = {isa = PBXFileReference; fileEncoding = 4; lastKnownFileType = sourcecode.swift; path = CreateListController.swift; sourceTree = "<group>"; };
		11121AEF1A3020AF00153E01 /* Utilities.swift */ = {isa = PBXFileReference; fileEncoding = 4; lastKnownFileType = sourcecode.swift; path = Utilities.swift; sourceTree = "<group>"; };
		11121AF11A30995E00153E01 /* Game.swift */ = {isa = PBXFileReference; fileEncoding = 4; lastKnownFileType = sourcecode.swift; path = Game.swift; sourceTree = "<group>"; };
		1137F0731A2EC851009A7BDA /* Wordzie.app */ = {isa = PBXFileReference; explicitFileType = wrapper.application; includeInIndex = 0; path = Wordzie.app; sourceTree = BUILT_PRODUCTS_DIR; };
		1137F0771A2EC851009A7BDA /* Info.plist */ = {isa = PBXFileReference; lastKnownFileType = text.plist.xml; path = Info.plist; sourceTree = "<group>"; };
		1137F0781A2EC851009A7BDA /* AppDelegate.swift */ = {isa = PBXFileReference; lastKnownFileType = sourcecode.swift; path = AppDelegate.swift; sourceTree = "<group>"; };
		1137F0811A2EC851009A7BDA /* Images.xcassets */ = {isa = PBXFileReference; lastKnownFileType = folder.assetcatalog; path = Images.xcassets; sourceTree = "<group>"; };
		1137F0841A2EC851009A7BDA /* Base */ = {isa = PBXFileReference; lastKnownFileType = file.xib; name = Base; path = Base.lproj/LaunchScreen.xib; sourceTree = "<group>"; };
		1137F08A1A2EC851009A7BDA /* WordzieTests.xctest */ = {isa = PBXFileReference; explicitFileType = wrapper.cfbundle; includeInIndex = 0; path = WordzieTests.xctest; sourceTree = BUILT_PRODUCTS_DIR; };
		1137F08F1A2EC851009A7BDA /* Info.plist */ = {isa = PBXFileReference; lastKnownFileType = text.plist.xml; path = Info.plist; sourceTree = "<group>"; };
		1137F0901A2EC851009A7BDA /* VocabCrack_iOSTests.swift */ = {isa = PBXFileReference; lastKnownFileType = sourcecode.swift; path = VocabCrack_iOSTests.swift; sourceTree = "<group>"; };
		1137F09E1A2ECE8B009A7BDA /* NetHandler.swift */ = {isa = PBXFileReference; fileEncoding = 4; lastKnownFileType = sourcecode.swift; path = NetHandler.swift; sourceTree = "<group>"; };
		11396ABC1A2ED4500050120D /* RegisterController.swift */ = {isa = PBXFileReference; fileEncoding = 4; lastKnownFileType = sourcecode.swift; path = RegisterController.swift; sourceTree = "<group>"; };
		11396ABE1A2F3D470050120D /* LoginController.swift */ = {isa = PBXFileReference; fileEncoding = 4; lastKnownFileType = sourcecode.swift; path = LoginController.swift; sourceTree = "<group>"; };
		11396AC01A2F40190050120D /* CoreHandler.swift */ = {isa = PBXFileReference; fileEncoding = 4; lastKnownFileType = sourcecode.swift; path = CoreHandler.swift; sourceTree = "<group>"; };
		11396AC11A2F40190050120D /* GameHandler.swift */ = {isa = PBXFileReference; fileEncoding = 4; lastKnownFileType = sourcecode.swift; path = GameHandler.swift; sourceTree = "<group>"; };
		11396AC21A2F40190050120D /* FriendHandler.swift */ = {isa = PBXFileReference; fileEncoding = 4; lastKnownFileType = sourcecode.swift; path = FriendHandler.swift; sourceTree = "<group>"; xcLanguageSpecificationIdentifier = xcode.lang.java; };
		11396AC61A2F40200050120D /* VocabCrack.swift */ = {isa = PBXFileReference; fileEncoding = 4; lastKnownFileType = sourcecode.swift; path = VocabCrack.swift; sourceTree = "<group>"; };
		11396AC81A2F456C0050120D /* OperationsManager.swift */ = {isa = PBXFileReference; fileEncoding = 4; lastKnownFileType = sourcecode.swift; path = OperationsManager.swift; sourceTree = "<group>"; };
		11396ACA1A2F4BEF0050120D /* MenuController.swift */ = {isa = PBXFileReference; fileEncoding = 4; lastKnownFileType = sourcecode.swift; path = MenuController.swift; sourceTree = "<group>"; };
		11396ACC1A2F7EAD0050120D /* Account.swift */ = {isa = PBXFileReference; fileEncoding = 4; lastKnownFileType = sourcecode.swift; path = Account.swift; sourceTree = "<group>"; };
		11509EBA1A37AA88002C403E /* GameDetailController.swift */ = {isa = PBXFileReference; fileEncoding = 4; lastKnownFileType = sourcecode.swift; path = GameDetailController.swift; sourceTree = "<group>"; };
		11509EBC1A37AAB3002C403E /* UserDetailController.swift */ = {isa = PBXFileReference; fileEncoding = 4; lastKnownFileType = sourcecode.swift; path = UserDetailController.swift; sourceTree = "<group>"; };
		11509EBE1A38F153002C403E /* NewGameController.swift */ = {isa = PBXFileReference; fileEncoding = 4; lastKnownFileType = sourcecode.swift; path = NewGameController.swift; sourceTree = "<group>"; };
		1199A5121A390C740053366E /* WordDataHandler.swift */ = {isa = PBXFileReference; fileEncoding = 4; lastKnownFileType = sourcecode.swift; path = WordDataHandler.swift; sourceTree = "<group>"; };
		1199A5141A390C7D0053366E /* WordListHandler.swift */ = {isa = PBXFileReference; fileEncoding = 4; lastKnownFileType = sourcecode.swift; path = WordListHandler.swift; sourceTree = "<group>"; };
		11ACB3921A3D2F87005C0BBA /* DefaultList.txt */ = {isa = PBXFileReference; fileEncoding = 4; lastKnownFileType = text; path = DefaultList.txt; sourceTree = "<group>"; };
		11B0C81E1A339AE100F0A557 /* FriendsController.swift */ = {isa = PBXFileReference; fileEncoding = 4; lastKnownFileType = sourcecode.swift; path = FriendsController.swift; sourceTree = "<group>"; };
		11B0C8201A33A41700F0A557 /* Main.storyboard */ = {isa = PBXFileReference; fileEncoding = 4; lastKnownFileType = file.storyboard; path = Main.storyboard; sourceTree = "<group>"; };
		11B4C7711A33AA7900413EDD /* TableCells.swift */ = {isa = PBXFileReference; fileEncoding = 4; lastKnownFileType = sourcecode.swift; name = TableCells.swift; path = Cells/TableCells.swift; sourceTree = "<group>"; };
		11B666E11A326196006A17F3 /* VocabCrack-iOS-Bridging-Header.h */ = {isa = PBXFileReference; lastKnownFileType = sourcecode.c.h; path = "VocabCrack-iOS-Bridging-Header.h"; sourceTree = "<group>"; };
		11B666E21A326FAD006A17F3 /* OptionsController.swift */ = {isa = PBXFileReference; fileEncoding = 4; lastKnownFileType = sourcecode.swift; path = OptionsController.swift; sourceTree = "<group>"; };
		11B666E61A3275EF006A17F3 /* user.png */ = {isa = PBXFileReference; lastKnownFileType = image.png; path = user.png; sourceTree = "<group>"; };
		11B666E81A3364CD006A17F3 /* GamesController.swift */ = {isa = PBXFileReference; fileEncoding = 4; lastKnownFileType = sourcecode.swift; path = GamesController.swift; sourceTree = "<group>"; };
		11FDEE651A3E0BD000EA4159 /* icon_120.png */ = {isa = PBXFileReference; lastKnownFileType = image.png; name = icon_120.png; path = ../../../Desktop/icon_120.png; sourceTree = "<group>"; };
		11FDEE661A3E0BD000EA4159 /* icon_80.png */ = {isa = PBXFileReference; lastKnownFileType = image.png; name = icon_80.png; path = ../../../Desktop/icon_80.png; sourceTree = "<group>"; };
		11FDEE671A3E0BD000EA4159 /* icon_58.png */ = {isa = PBXFileReference; lastKnownFileType = image.png; name = icon_58.png; path = ../../../Desktop/icon_58.png; sourceTree = "<group>"; };
/* End PBXFileReference section */

/* Begin PBXFrameworksBuildPhase section */
		1137F0701A2EC851009A7BDA /* Frameworks */ = {
			isa = PBXFrameworksBuildPhase;
			buildActionMask = 2147483647;
			files = (
			);
			runOnlyForDeploymentPostprocessing = 0;
		};
		1137F0871A2EC851009A7BDA /* Frameworks */ = {
			isa = PBXFrameworksBuildPhase;
			buildActionMask = 2147483647;
			files = (
			);
			runOnlyForDeploymentPostprocessing = 0;
		};
/* End PBXFrameworksBuildPhase section */

/* Begin PBXGroup section */
		1137F06A1A2EC851009A7BDA = {
			isa = PBXGroup;
			children = (
				1137F0751A2EC851009A7BDA /* VocabCrack-iOS */,
				1137F08D1A2EC851009A7BDA /* VocabCrack-iOSTests */,
				1137F0741A2EC851009A7BDA /* Products */,
			);
			sourceTree = "<group>";
		};
		1137F0741A2EC851009A7BDA /* Products */ = {
			isa = PBXGroup;
			children = (
				1137F0731A2EC851009A7BDA /* Wordzie.app */,
				1137F08A1A2EC851009A7BDA /* WordzieTests.xctest */,
			);
			name = Products;
			sourceTree = "<group>";
		};
		1137F0751A2EC851009A7BDA /* VocabCrack-iOS */ = {
			isa = PBXGroup;
			children = (
				11B0C8201A33A41700F0A557 /* Main.storyboard */,
				11B666E11A326196006A17F3 /* VocabCrack-iOS-Bridging-Header.h */,
				11396AC61A2F40200050120D /* VocabCrack.swift */,
				11396AC01A2F40190050120D /* CoreHandler.swift */,
				11396AC11A2F40190050120D /* GameHandler.swift */,
				11396AC21A2F40190050120D /* FriendHandler.swift */,
				1137F09E1A2ECE8B009A7BDA /* NetHandler.swift */,
				1137F0781A2EC851009A7BDA /* AppDelegate.swift */,
				1137F0811A2EC851009A7BDA /* Images.xcassets */,
				1137F0831A2EC851009A7BDA /* LaunchScreen.xib */,
				1137F0761A2EC851009A7BDA /* Supporting Files */,
				11396ABC1A2ED4500050120D /* RegisterController.swift */,
				11396ABE1A2F3D470050120D /* LoginController.swift */,
				11396AC81A2F456C0050120D /* OperationsManager.swift */,
				11396ACA1A2F4BEF0050120D /* MenuController.swift */,
				11396ACC1A2F7EAD0050120D /* Account.swift */,
				11121AEF1A3020AF00153E01 /* Utilities.swift */,
				11121AF11A30995E00153E01 /* Game.swift */,
				11B666E21A326FAD006A17F3 /* OptionsController.swift */,
				11B666E81A3364CD006A17F3 /* GamesController.swift */,
				11B0C81E1A339AE100F0A557 /* FriendsController.swift */,
				11B4C7711A33AA7900413EDD /* TableCells.swift */,
				110DA1191A34C429009B95BA /* AddFriendController.swift */,
				11509EBA1A37AA88002C403E /* GameDetailController.swift */,
				11509EBC1A37AAB3002C403E /* UserDetailController.swift */,
				11509EBE1A38F153002C403E /* NewGameController.swift */,
				1199A5121A390C740053366E /* WordDataHandler.swift */,
				1199A5141A390C7D0053366E /* WordListHandler.swift */,
				110333CF1A3942DE00A4A29F /* SimpleFriendsController.swift */,
				110333D11A3CFB4600A4A29F /* WordListsController.swift */,
				11058F291A3CFE1100D5A291 /* NewListController.swift */,
				1110AF401A3E539D002088C2 /* GameController.swift */,
				1110AF421A3F5E37002088C2 /* TermDetailController.swift */,
				1110AF441A3F5E51002088C2 /* EditTermController.swift */,
				1110AF461A3F5EBC002088C2 /* CreateListController.swift */,
			);
			path = "VocabCrack-iOS";
			sourceTree = "<group>";
		};
		1137F0761A2EC851009A7BDA /* Supporting Files */ = {
			isa = PBXGroup;
			children = (
				1110AF3A1A3E226E002088C2 /* check.png */,
				1110AF341A3E12FF002088C2 /* logo.png */,
				11FDEE651A3E0BD000EA4159 /* icon_120.png */,
				11FDEE661A3E0BD000EA4159 /* icon_80.png */,
				11FDEE671A3E0BD000EA4159 /* icon_58.png */,
				11ACB3921A3D2F87005C0BBA /* DefaultList.txt */,
				11B666E61A3275EF006A17F3 /* user.png */,
				1137F0771A2EC851009A7BDA /* Info.plist */,
			);
			name = "Supporting Files";
			sourceTree = "<group>";
		};
		1137F08D1A2EC851009A7BDA /* VocabCrack-iOSTests */ = {
			isa = PBXGroup;
			children = (
				1137F0901A2EC851009A7BDA /* VocabCrack_iOSTests.swift */,
				1137F08E1A2EC851009A7BDA /* Supporting Files */,
			);
			path = "VocabCrack-iOSTests";
			sourceTree = "<group>";
		};
		1137F08E1A2EC851009A7BDA /* Supporting Files */ = {
			isa = PBXGroup;
			children = (
				1137F08F1A2EC851009A7BDA /* Info.plist */,
			);
			name = "Supporting Files";
			sourceTree = "<group>";
		};
/* End PBXGroup section */

/* Begin PBXNativeTarget section */
		1137F0721A2EC851009A7BDA /* Wordzie */ = {
			isa = PBXNativeTarget;
			buildConfigurationList = 1137F0941A2EC851009A7BDA /* Build configuration list for PBXNativeTarget "Wordzie" */;
			buildPhases = (
				1137F06F1A2EC851009A7BDA /* Sources */,
				1137F0701A2EC851009A7BDA /* Frameworks */,
				1137F0711A2EC851009A7BDA /* Resources */,
			);
			buildRules = (
			);
			dependencies = (
			);
			name = Wordzie;
			productName = "VocabCrack-iOS";
			productReference = 1137F0731A2EC851009A7BDA /* Wordzie.app */;
			productType = "com.apple.product-type.application";
		};
		1137F0891A2EC851009A7BDA /* WordzieTests */ = {
			isa = PBXNativeTarget;
			buildConfigurationList = 1137F0971A2EC851009A7BDA /* Build configuration list for PBXNativeTarget "WordzieTests" */;
			buildPhases = (
				1137F0861A2EC851009A7BDA /* Sources */,
				1137F0871A2EC851009A7BDA /* Frameworks */,
				1137F0881A2EC851009A7BDA /* Resources */,
			);
			buildRules = (
			);
			dependencies = (
				1137F08C1A2EC851009A7BDA /* PBXTargetDependency */,
			);
			name = WordzieTests;
			productName = "VocabCrack-iOSTests";
			productReference = 1137F08A1A2EC851009A7BDA /* WordzieTests.xctest */;
			productType = "com.apple.product-type.bundle.unit-test";
		};
/* End PBXNativeTarget section */

/* Begin PBXProject section */
		1137F06B1A2EC851009A7BDA /* Project object */ = {
			isa = PBXProject;
			attributes = {
				LastUpgradeCheck = 0610;
				ORGANIZATIONNAME = aidancbrady;
				TargetAttributes = {
					1137F0721A2EC851009A7BDA = {
						CreatedOnToolsVersion = 6.1.1;
						DevelopmentTeam = VBY56UWVE3;
						SystemCapabilities = {
							com.apple.BackgroundModes = {
								enabled = 0;
							};
						};
					};
					1137F0891A2EC851009A7BDA = {
						CreatedOnToolsVersion = 6.1.1;
						DevelopmentTeam = VBY56UWVE3;
						TestTargetID = 1137F0721A2EC851009A7BDA;
					};
				};
			};
			buildConfigurationList = 1137F06E1A2EC851009A7BDA /* Build configuration list for PBXProject "Wordzie" */;
			compatibilityVersion = "Xcode 3.2";
			developmentRegion = English;
			hasScannedForEncodings = 0;
			knownRegions = (
				en,
				Base,
			);
			mainGroup = 1137F06A1A2EC851009A7BDA;
			productRefGroup = 1137F0741A2EC851009A7BDA /* Products */;
			projectDirPath = "";
			projectRoot = "";
			targets = (
				1137F0721A2EC851009A7BDA /* Wordzie */,
				1137F0891A2EC851009A7BDA /* WordzieTests */,
			);
		};
/* End PBXProject section */

/* Begin PBXResourcesBuildPhase section */
		1137F0711A2EC851009A7BDA /* Resources */ = {
			isa = PBXResourcesBuildPhase;
			buildActionMask = 2147483647;
			files = (
				11FDEE681A3E0BD000EA4159 /* icon_120.png in Resources */,
				11FDEE6A1A3E0BD000EA4159 /* icon_58.png in Resources */,
				1110AF351A3E12FF002088C2 /* logo.png in Resources */,
				11B666E71A3275EF006A17F3 /* user.png in Resources */,
				11B0C8211A33A41700F0A557 /* Main.storyboard in Resources */,
				1137F0851A2EC851009A7BDA /* LaunchScreen.xib in Resources */,
				1110AF3B1A3E226E002088C2 /* check.png in Resources */,
				11ACB3931A3D2F87005C0BBA /* DefaultList.txt in Resources */,
				11FDEE691A3E0BD000EA4159 /* icon_80.png in Resources */,
				1137F0821A2EC851009A7BDA /* Images.xcassets in Resources */,
			);
			runOnlyForDeploymentPostprocessing = 0;
		};
		1137F0881A2EC851009A7BDA /* Resources */ = {
			isa = PBXResourcesBuildPhase;
			buildActionMask = 2147483647;
			files = (
			);
			runOnlyForDeploymentPostprocessing = 0;
		};
/* End PBXResourcesBuildPhase section */

/* Begin PBXSourcesBuildPhase section */
		1137F06F1A2EC851009A7BDA /* Sources */ = {
			isa = PBXSourcesBuildPhase;
			buildActionMask = 2147483647;
			files = (
				11B0C81F1A339AE100F0A557 /* FriendsController.swift in Sources */,
				110DA11A1A34C429009B95BA /* AddFriendController.swift in Sources */,
				11396AC31A2F40190050120D /* CoreHandler.swift in Sources */,
				11509EBF1A38F153002C403E /* NewGameController.swift in Sources */,
				1110AF431A3F5E37002088C2 /* TermDetailController.swift in Sources */,
				1110AF411A3E539D002088C2 /* GameController.swift in Sources */,
				11121AF21A30995E00153E01 /* Game.swift in Sources */,
				1110AF471A3F5EBC002088C2 /* CreateListController.swift in Sources */,
				11396ACD1A2F7EAD0050120D /* Account.swift in Sources */,
				11B666E91A3364CD006A17F3 /* GamesController.swift in Sources */,
				11121AF01A3020AF00153E01 /* Utilities.swift in Sources */,
				11B666E31A326FAD006A17F3 /* OptionsController.swift in Sources */,
				11396ABD1A2ED4500050120D /* RegisterController.swift in Sources */,
				11396AC71A2F40200050120D /* VocabCrack.swift in Sources */,
				1110AF451A3F5E51002088C2 /* EditTermController.swift in Sources */,
				11396ABF1A2F3D470050120D /* LoginController.swift in Sources */,
				11058F2A1A3CFE1100D5A291 /* NewListController.swift in Sources */,
				11396ACB1A2F4BEF0050120D /* MenuController.swift in Sources */,
				11396AC51A2F40190050120D /* FriendHandler.swift in Sources */,
				11B4C7721A33AA7900413EDD /* TableCells.swift in Sources */,
				1137F09F1A2ECE8C009A7BDA /* NetHandler.swift in Sources */,
				11396AC41A2F40190050120D /* GameHandler.swift in Sources */,
				110333D01A3942DE00A4A29F /* SimpleFriendsController.swift in Sources */,
				11396AC91A2F456C0050120D /* OperationsManager.swift in Sources */,
				1199A5131A390C740053366E /* WordDataHandler.swift in Sources */,
				11509EBD1A37AAB3002C403E /* UserDetailController.swift in Sources */,
				11509EBB1A37AA88002C403E /* GameDetailController.swift in Sources */,
				110333D21A3CFB4600A4A29F /* WordListsController.swift in Sources */,
				1199A5151A390C7D0053366E /* WordListHandler.swift in Sources */,
				1137F0791A2EC851009A7BDA /* AppDelegate.swift in Sources */,
			);
			runOnlyForDeploymentPostprocessing = 0;
		};
		1137F0861A2EC851009A7BDA /* Sources */ = {
			isa = PBXSourcesBuildPhase;
			buildActionMask = 2147483647;
			files = (
				1137F0911A2EC851009A7BDA /* VocabCrack_iOSTests.swift in Sources */,
			);
			runOnlyForDeploymentPostprocessing = 0;
		};
/* End PBXSourcesBuildPhase section */

/* Begin PBXTargetDependency section */
		1137F08C1A2EC851009A7BDA /* PBXTargetDependency */ = {
			isa = PBXTargetDependency;
			target = 1137F0721A2EC851009A7BDA /* Wordzie */;
			targetProxy = 1137F08B1A2EC851009A7BDA /* PBXContainerItemProxy */;
		};
/* End PBXTargetDependency section */

/* Begin PBXVariantGroup section */
		1137F0831A2EC851009A7BDA /* LaunchScreen.xib */ = {
			isa = PBXVariantGroup;
			children = (
				1137F0841A2EC851009A7BDA /* Base */,
			);
			name = LaunchScreen.xib;
			sourceTree = "<group>";
		};
/* End PBXVariantGroup section */

/* Begin XCBuildConfiguration section */
		1137F0921A2EC851009A7BDA /* Debug */ = {
			isa = XCBuildConfiguration;
			buildSettings = {
				ALWAYS_SEARCH_USER_PATHS = NO;
				CLANG_CXX_LANGUAGE_STANDARD = "gnu++0x";
				CLANG_CXX_LIBRARY = "libc++";
				CLANG_ENABLE_MODULES = YES;
				CLANG_ENABLE_OBJC_ARC = YES;
				CLANG_WARN_BOOL_CONVERSION = YES;
				CLANG_WARN_CONSTANT_CONVERSION = YES;
				CLANG_WARN_DIRECT_OBJC_ISA_USAGE = YES_ERROR;
				CLANG_WARN_EMPTY_BODY = YES;
				CLANG_WARN_ENUM_CONVERSION = YES;
				CLANG_WARN_INT_CONVERSION = YES;
				CLANG_WARN_OBJC_ROOT_CLASS = YES_ERROR;
				CLANG_WARN_UNREACHABLE_CODE = YES;
				CLANG_WARN__DUPLICATE_METHOD_MATCH = YES;
				"CODE_SIGN_IDENTITY[sdk=iphoneos*]" = "iPhone Developer";
				COPY_PHASE_STRIP = NO;
				ENABLE_STRICT_OBJC_MSGSEND = YES;
				GCC_C_LANGUAGE_STANDARD = gnu99;
				GCC_DYNAMIC_NO_PIC = NO;
				GCC_OPTIMIZATION_LEVEL = 0;
				GCC_PREPROCESSOR_DEFINITIONS = (
					"DEBUG=1",
					"$(inherited)",
				);
				GCC_SYMBOLS_PRIVATE_EXTERN = NO;
				GCC_WARN_64_TO_32_BIT_CONVERSION = YES;
				GCC_WARN_ABOUT_RETURN_TYPE = YES_ERROR;
				GCC_WARN_UNDECLARED_SELECTOR = YES;
				GCC_WARN_UNINITIALIZED_AUTOS = YES_AGGRESSIVE;
				GCC_WARN_UNUSED_FUNCTION = YES;
				GCC_WARN_UNUSED_VARIABLE = YES;
				IPHONEOS_DEPLOYMENT_TARGET = 8.1;
				MTL_ENABLE_DEBUG_INFO = YES;
				ONLY_ACTIVE_ARCH = YES;
				SDKROOT = iphoneos;
				SWIFT_OPTIMIZATION_LEVEL = "-Onone";
				TARGETED_DEVICE_FAMILY = "1,2";
			};
			name = Debug;
		};
		1137F0931A2EC851009A7BDA /* Release */ = {
			isa = XCBuildConfiguration;
			buildSettings = {
				ALWAYS_SEARCH_USER_PATHS = NO;
				CLANG_CXX_LANGUAGE_STANDARD = "gnu++0x";
				CLANG_CXX_LIBRARY = "libc++";
				CLANG_ENABLE_MODULES = YES;
				CLANG_ENABLE_OBJC_ARC = YES;
				CLANG_WARN_BOOL_CONVERSION = YES;
				CLANG_WARN_CONSTANT_CONVERSION = YES;
				CLANG_WARN_DIRECT_OBJC_ISA_USAGE = YES_ERROR;
				CLANG_WARN_EMPTY_BODY = YES;
				CLANG_WARN_ENUM_CONVERSION = YES;
				CLANG_WARN_INT_CONVERSION = YES;
				CLANG_WARN_OBJC_ROOT_CLASS = YES_ERROR;
				CLANG_WARN_UNREACHABLE_CODE = YES;
				CLANG_WARN__DUPLICATE_METHOD_MATCH = YES;
				"CODE_SIGN_IDENTITY[sdk=iphoneos*]" = "iPhone Developer";
				COPY_PHASE_STRIP = YES;
				ENABLE_NS_ASSERTIONS = NO;
				ENABLE_STRICT_OBJC_MSGSEND = YES;
				GCC_C_LANGUAGE_STANDARD = gnu99;
				GCC_WARN_64_TO_32_BIT_CONVERSION = YES;
				GCC_WARN_ABOUT_RETURN_TYPE = YES_ERROR;
				GCC_WARN_UNDECLARED_SELECTOR = YES;
				GCC_WARN_UNINITIALIZED_AUTOS = YES_AGGRESSIVE;
				GCC_WARN_UNUSED_FUNCTION = YES;
				GCC_WARN_UNUSED_VARIABLE = YES;
				IPHONEOS_DEPLOYMENT_TARGET = 8.1;
				MTL_ENABLE_DEBUG_INFO = NO;
				SDKROOT = iphoneos;
				TARGETED_DEVICE_FAMILY = "1,2";
				VALIDATE_PRODUCT = YES;
			};
			name = Release;
		};
		1137F0951A2EC851009A7BDA /* Debug */ = {
			isa = XCBuildConfiguration;
			buildSettings = {
				ASSETCATALOG_COMPILER_APPICON_NAME = AppIcon;
				CLANG_ENABLE_MODULES = YES;
				INFOPLIST_FILE = "VocabCrack-iOS/Info.plist";
				IPHONEOS_DEPLOYMENT_TARGET = 8.1;
				LD_RUNPATH_SEARCH_PATHS = "$(inherited) @executable_path/Frameworks";
				PRODUCT_NAME = Wordzie;
				SWIFT_OBJC_BRIDGING_HEADER = "VocabCrack-iOS/VocabCrack-iOS-Bridging-Header.h";
				SWIFT_OPTIMIZATION_LEVEL = "-Onone";
				TARGETED_DEVICE_FAMILY = 1;
			};
			name = Debug;
		};
		1137F0961A2EC851009A7BDA /* Release */ = {
			isa = XCBuildConfiguration;
			buildSettings = {
				ASSETCATALOG_COMPILER_APPICON_NAME = AppIcon;
				CLANG_ENABLE_MODULES = YES;
				INFOPLIST_FILE = "VocabCrack-iOS/Info.plist";
				IPHONEOS_DEPLOYMENT_TARGET = 8.1;
				LD_RUNPATH_SEARCH_PATHS = "$(inherited) @executable_path/Frameworks";
				PRODUCT_NAME = Wordzie;
				SWIFT_OBJC_BRIDGING_HEADER = "VocabCrack-iOS/VocabCrack-iOS-Bridging-Header.h";
				TARGETED_DEVICE_FAMILY = 1;
			};
			name = Release;
		};
		1137F0981A2EC851009A7BDA /* Debug */ = {
			isa = XCBuildConfiguration;
			buildSettings = {
				BUNDLE_LOADER = "$(TEST_HOST)";
				CODE_SIGN_IDENTITY = "iPhone Developer";
				"CODE_SIGN_IDENTITY[sdk=iphoneos*]" = "iPhone Developer";
				FRAMEWORK_SEARCH_PATHS = (
					"$(SDKROOT)/Developer/Library/Frameworks",
					"$(inherited)",
				);
				GCC_PREPROCESSOR_DEFINITIONS = (
					"DEBUG=1",
					"$(inherited)",
				);
				INFOPLIST_FILE = "VocabCrack-iOSTests/Info.plist";
				LD_RUNPATH_SEARCH_PATHS = "$(inherited) @executable_path/Frameworks @loader_path/Frameworks";
				PRODUCT_NAME = WordzieTests;
				PROVISIONING_PROFILE = "";
			};
			name = Debug;
		};
		1137F0991A2EC851009A7BDA /* Release */ = {
			isa = XCBuildConfiguration;
			buildSettings = {
				BUNDLE_LOADER = "$(TEST_HOST)";
				CODE_SIGN_IDENTITY = "iPhone Developer";
				"CODE_SIGN_IDENTITY[sdk=iphoneos*]" = "iPhone Developer";
				FRAMEWORK_SEARCH_PATHS = (
					"$(SDKROOT)/Developer/Library/Frameworks",
					"$(inherited)",
				);
				INFOPLIST_FILE = "VocabCrack-iOSTests/Info.plist";
				LD_RUNPATH_SEARCH_PATHS = "$(inherited) @executable_path/Frameworks @loader_path/Frameworks";
				PRODUCT_NAME = WordzieTests;
				PROVISIONING_PROFILE = "";
			};
			name = Release;
		};
/* End XCBuildConfiguration section */

/* Begin XCConfigurationList section */
		1137F06E1A2EC851009A7BDA /* Build configuration list for PBXProject "Wordzie" */ = {
			isa = XCConfigurationList;
			buildConfigurations = (
				1137F0921A2EC851009A7BDA /* Debug */,
				1137F0931A2EC851009A7BDA /* Release */,
			);
			defaultConfigurationIsVisible = 0;
			defaultConfigurationName = Release;
		};
		1137F0941A2EC851009A7BDA /* Build configuration list for PBXNativeTarget "Wordzie" */ = {
			isa = XCConfigurationList;
			buildConfigurations = (
				1137F0951A2EC851009A7BDA /* Debug */,
				1137F0961A2EC851009A7BDA /* Release */,
			);
			defaultConfigurationIsVisible = 0;
			defaultConfigurationName = Release;
		};
		1137F0971A2EC851009A7BDA /* Build configuration list for PBXNativeTarget "WordzieTests" */ = {
			isa = XCConfigurationList;
			buildConfigurations = (
				1137F0981A2EC851009A7BDA /* Debug */,
				1137F0991A2EC851009A7BDA /* Release */,
			);
			defaultConfigurationIsVisible = 0;
			defaultConfigurationName = Release;
		};
/* End XCConfigurationList section */
	};
	rootObject = 1137F06B1A2EC851009A7BDA /* Project object */;
}
